<Solution>
  <Project Path="../store_api/store_api.csproj">
    <Configuration Solution="Release|Any CPU" Project="Release|Any CPU|Deploy" />
  </Project>
  <Project Path="..\mongo_api\mongo_api.csproj">
    <Configuration Solution="Release|Any CPU" Project="Release|Any CPU|Deploy" />
  </Project>
  <Project Path="redis_api.csproj">
    <Configuration Solution="Release|Any CPU" Project="Release|Any CPU|Deploy" />
  </Project>
</Solution>